name: Update flake.lock

on:
  schedule:
    - cron: '0 9 * * 5' # Every Friday at 2AM PT
  workflow_dispatch:

jobs:
  update-flake-lock:
    runs-on: ubuntu-latest
    permissions:
      contents: write
      pull-requests: write

    steps:
      - name: Checkout
        uses: actions/checkout@v4

      - name: Install Nix
        uses: DeterminateSystems/determinate-nix-action@v3

      - name: Update flake lock
        id: update
        uses: DeterminateSystems/update-flake-lock@v23
        with:
          pr-title: "chore: update flake lock"
        env:
          GH_TOKEN: ${{ github.token }}

      - name: Merge PR
        if: ${{ steps.update.outputs.pull-request-number != '' }}
        run: gh pr merge --auto "${{ steps.update.outputs.pull-request-number }}" --rebase
        env:
          GH_TOKEN: ${{ github.token }}
